
Microsoft Visual Studio Solution File, Format Version 12.00
# Visual Studio Version 16
VisualStudioVersion = 16.0.31129.286
MinimumVisualStudioVersion = 10.0.40219.1
Project("{FAE04EC0-301F-11D3-BF4B-00C04F79EFBC}") = "VariablePractice", "VariablePractice.csproj", "{5116EB9C-93AE-43BC-A8EF-90C0CA04373E}"
EndProject
Global
	GlobalSection(SolutionConfigurationPlatforms) = preSolution
		Debug|Any CPU = Debug|Any CPU
		Release|Any CPU = Release|Any CPU
	EndGlobalSection
	GlobalSection(ProjectConfigurationPlatforms) = postSolution
		{5116EB9C-93AE-43BC-A8EF-90C0CA04373E}.Debug|Any CPU.ActiveCfg = Debug|Any CPU
		{5116EB9C-93AE-43BC-A8EF-90C0CA04373E}.Debug|Any CPU.Build.0 = Debug|Any CPU
		{5116EB9C-93AE-43BC-A8EF-90C0CA04373E}.Release|Any CPU.ActiveCfg = Release|Any CPU
		{5116EB9C-93AE-43BC-A8EF-90C0CA04373E}.Release|Any CPU.Build.0 = Release|Any CPU
	EndGlobalSection
	GlobalSection(SolutionProperties) = preSolution
		HideSolutionNode = FALSE
	EndGlobalSection
	GlobalSection(ExtensibilityGlobals) = postSolution
		SolutionGuid = {19AC8DC7-C4F8-407F-BE13-B4F2244F2B1A}
	EndGlobalSection
EndGlobal
